// !$*UTF8*$!
{
	archiveVersion = 1;
	classes = {
	};
	objectVersion = 56;
	objects = {

/* Begin PBXBuildFile section */
		DA9B0A532B46FCD1009AD05D /* Model.swift in Sources */ = {isa = PBXBuildFile; fileRef = DA9B0A522B46FCD1009AD05D /* Model.swift */; };
		DA9B0A552B470A15009AD05D /* RemoteAddAccount.swift in Sources */ = {isa = PBXBuildFile; fileRef = DA9B0A542B470A15009AD05D /* RemoteAddAccount.swift */; };
		DA9B0A572B470A58009AD05D /* HttpPostClient.swift in Sources */ = {isa = PBXBuildFile; fileRef = DA9B0A562B470A58009AD05D /* HttpPostClient.swift */; };
		DA9B0A5F2B470E1F009AD05D /* DomainError.swift in Sources */ = {isa = PBXBuildFile; fileRef = DA9B0A5E2B470E1F009AD05D /* DomainError.swift */; };
		DA9B0A612B470FCF009AD05D /* NetworkError.swift in Sources */ = {isa = PBXBuildFile; fileRef = DA9B0A602B470FCF009AD05D /* NetworkError.swift */; };
		DA9B0AD92B473096009AD05D /* Data+Extensions.swift in Sources */ = {isa = PBXBuildFile; fileRef = DA9B0AD82B473096009AD05D /* Data+Extensions.swift */; };
		DA9B0ADD2B473B73009AD05D /* XCTestCase+Extensions.swift in Sources */ = {isa = PBXBuildFile; fileRef = DA9B0ADA2B473AFD009AD05D /* XCTestCase+Extensions.swift */; };
		DA9B0ADF2B473BE9009AD05D /* TestFactories.swift in Sources */ = {isa = PBXBuildFile; fileRef = DA9B0ADE2B473BE9009AD05D /* TestFactories.swift */; };
		DA9B0AED2B4800E4009AD05D /* Infra.framework in Frameworks */ = {isa = PBXBuildFile; fileRef = DA9B0AE52B4800E4009AD05D /* Infra.framework */; };
		DA9B0AF22B4800E4009AD05D /* AlamofireAdapterTests.swift in Sources */ = {isa = PBXBuildFile; fileRef = DA9B0AF12B4800E4009AD05D /* AlamofireAdapterTests.swift */; };
		DA9B0AF32B4800E4009AD05D /* Infra.h in Headers */ = {isa = PBXBuildFile; fileRef = DA9B0AE72B4800E4009AD05D /* Infra.h */; settings = {ATTRIBUTES = (Public, ); }; };
		DA9B0AFA2B48023E009AD05D /* Data.framework in Frameworks */ = {isa = PBXBuildFile; fileRef = DAA603632B45C55F0096646F /* Data.framework */; };
		DA9B0AFB2B48023E009AD05D /* Data.framework in Embed Frameworks */ = {isa = PBXBuildFile; fileRef = DAA603632B45C55F0096646F /* Data.framework */; settings = {ATTRIBUTES = (CodeSignOnCopy, RemoveHeadersOnCopy, ); }; };
		DA9B0AFF2B480268009AD05D /* XCTestCase+Extensions.swift in Sources */ = {isa = PBXBuildFile; fileRef = DA9B0ADA2B473AFD009AD05D /* XCTestCase+Extensions.swift */; };
		DA9B0B002B480272009AD05D /* TestFactories.swift in Sources */ = {isa = PBXBuildFile; fileRef = DA9B0ADE2B473BE9009AD05D /* TestFactories.swift */; };
		DA9B0B032B480390009AD05D /* Alamofire in Frameworks */ = {isa = PBXBuildFile; productRef = DA9B0B022B480390009AD05D /* Alamofire */; };
		DAA6036B2B45C55F0096646F /* Data.framework in Frameworks */ = {isa = PBXBuildFile; fileRef = DAA603632B45C55F0096646F /* Data.framework */; };
		DAA603702B45C55F0096646F /* RemoteAddAccountTests.swift in Sources */ = {isa = PBXBuildFile; fileRef = DAA6036F2B45C55F0096646F /* RemoteAddAccountTests.swift */; };
		DAA603792B45C5680096646F /* Domain.framework in Frameworks */ = {isa = PBXBuildFile; fileRef = DAA603572B45C54B0096646F /* Domain.framework */; };
		DAA6037A2B45C5680096646F /* Domain.framework in Embed Frameworks */ = {isa = PBXBuildFile; fileRef = DAA603572B45C54B0096646F /* Domain.framework */; settings = {ATTRIBUTES = (CodeSignOnCopy, RemoveHeadersOnCopy, ); }; };
		DAA6037F2B45C59F0096646F /* AddAccount.swift in Sources */ = {isa = PBXBuildFile; fileRef = DAA6037E2B45C59F0096646F /* AddAccount.swift */; };
		DAA603812B46BF470096646F /* AccountModel.swift in Sources */ = {isa = PBXBuildFile; fileRef = DAA603802B46BF470096646F /* AccountModel.swift */; };
/* End PBXBuildFile section */

/* Begin PBXContainerItemProxy section */
		DA9B0AEE2B4800E4009AD05D /* PBXContainerItemProxy */ = {
			isa = PBXContainerItemProxy;
			containerPortal = DAA6033F2B45C4B60096646F /* Project object */;
			proxyType = 1;
			remoteGlobalIDString = DA9B0AE42B4800E4009AD05D;
			remoteInfo = Infra;
		};
		DA9B0AFC2B48023E009AD05D /* PBXContainerItemProxy */ = {
			isa = PBXContainerItemProxy;
			containerPortal = DAA6033F2B45C4B60096646F /* Project object */;
			proxyType = 1;
			remoteGlobalIDString = DAA603622B45C55F0096646F;
			remoteInfo = Data;
		};
		DAA6036C2B45C55F0096646F /* PBXContainerItemProxy */ = {
			isa = PBXContainerItemProxy;
			containerPortal = DAA6033F2B45C4B60096646F /* Project object */;
			proxyType = 1;
			remoteGlobalIDString = DAA603622B45C55F0096646F;
			remoteInfo = Data;
		};
		DAA6037B2B45C5680096646F /* PBXContainerItemProxy */ = {
			isa = PBXContainerItemProxy;
			containerPortal = DAA6033F2B45C4B60096646F /* Project object */;
			proxyType = 1;
			remoteGlobalIDString = DAA603562B45C54B0096646F;
			remoteInfo = Domain;
		};
/* End PBXContainerItemProxy section */

/* Begin PBXCopyFilesBuildPhase section */
		DA9B0AFE2B48023E009AD05D /* Embed Frameworks */ = {
			isa = PBXCopyFilesBuildPhase;
			buildActionMask = 2147483647;
			dstPath = "";
			dstSubfolderSpec = 10;
			files = (
				DA9B0AFB2B48023E009AD05D /* Data.framework in Embed Frameworks */,
			);
			name = "Embed Frameworks";
			runOnlyForDeploymentPostprocessing = 0;
		};
		DAA6037D2B45C5680096646F /* Embed Frameworks */ = {
			isa = PBXCopyFilesBuildPhase;
			buildActionMask = 2147483647;
			dstPath = "";
			dstSubfolderSpec = 10;
			files = (
				DAA6037A2B45C5680096646F /* Domain.framework in Embed Frameworks */,
			);
			name = "Embed Frameworks";
			runOnlyForDeploymentPostprocessing = 0;
		};
/* End PBXCopyFilesBuildPhase section */

/* Begin PBXFileReference section */
		DA9B0A522B46FCD1009AD05D /* Model.swift */ = {isa = PBXFileReference; lastKnownFileType = sourcecode.swift; path = Model.swift; sourceTree = "<group>"; };
		DA9B0A542B470A15009AD05D /* RemoteAddAccount.swift */ = {isa = PBXFileReference; lastKnownFileType = sourcecode.swift; path = RemoteAddAccount.swift; sourceTree = "<group>"; };
		DA9B0A562B470A58009AD05D /* HttpPostClient.swift */ = {isa = PBXFileReference; lastKnownFileType = sourcecode.swift; path = HttpPostClient.swift; sourceTree = "<group>"; };
		DA9B0A5E2B470E1F009AD05D /* DomainError.swift */ = {isa = PBXFileReference; lastKnownFileType = sourcecode.swift; path = DomainError.swift; sourceTree = "<group>"; };
		DA9B0A602B470FCF009AD05D /* NetworkError.swift */ = {isa = PBXFileReference; lastKnownFileType = sourcecode.swift; path = NetworkError.swift; sourceTree = "<group>"; };
		DA9B0AD82B473096009AD05D /* Data+Extensions.swift */ = {isa = PBXFileReference; lastKnownFileType = sourcecode.swift; path = "Data+Extensions.swift"; sourceTree = "<group>"; };
		DA9B0ADA2B473AFD009AD05D /* XCTestCase+Extensions.swift */ = {isa = PBXFileReference; lastKnownFileType = sourcecode.swift; path = "XCTestCase+Extensions.swift"; sourceTree = "<group>"; };
		DA9B0ADE2B473BE9009AD05D /* TestFactories.swift */ = {isa = PBXFileReference; lastKnownFileType = sourcecode.swift; path = TestFactories.swift; sourceTree = "<group>"; };
		DA9B0AE52B4800E4009AD05D /* Infra.framework */ = {isa = PBXFileReference; explicitFileType = wrapper.framework; includeInIndex = 0; path = Infra.framework; sourceTree = BUILT_PRODUCTS_DIR; };
		DA9B0AE72B4800E4009AD05D /* Infra.h */ = {isa = PBXFileReference; lastKnownFileType = sourcecode.c.h; path = Infra.h; sourceTree = "<group>"; };
		DA9B0AEC2B4800E4009AD05D /* InfraTests.xctest */ = {isa = PBXFileReference; explicitFileType = wrapper.cfbundle; includeInIndex = 0; path = InfraTests.xctest; sourceTree = BUILT_PRODUCTS_DIR; };
		DA9B0AF12B4800E4009AD05D /* AlamofireAdapterTests.swift */ = {isa = PBXFileReference; lastKnownFileType = sourcecode.swift; path = AlamofireAdapterTests.swift; sourceTree = "<group>"; };
		DAA603572B45C54B0096646F /* Domain.framework */ = {isa = PBXFileReference; explicitFileType = wrapper.framework; includeInIndex = 0; path = Domain.framework; sourceTree = BUILT_PRODUCTS_DIR; };
		DAA603632B45C55F0096646F /* Data.framework */ = {isa = PBXFileReference; explicitFileType = wrapper.framework; includeInIndex = 0; path = Data.framework; sourceTree = BUILT_PRODUCTS_DIR; };
		DAA6036A2B45C55F0096646F /* DataTests.xctest */ = {isa = PBXFileReference; explicitFileType = wrapper.cfbundle; includeInIndex = 0; path = DataTests.xctest; sourceTree = BUILT_PRODUCTS_DIR; };
		DAA6036F2B45C55F0096646F /* RemoteAddAccountTests.swift */ = {isa = PBXFileReference; lastKnownFileType = sourcecode.swift; path = RemoteAddAccountTests.swift; sourceTree = "<group>"; };
		DAA6037E2B45C59F0096646F /* AddAccount.swift */ = {isa = PBXFileReference; lastKnownFileType = sourcecode.swift; path = AddAccount.swift; sourceTree = "<group>"; };
		DAA603802B46BF470096646F /* AccountModel.swift */ = {isa = PBXFileReference; lastKnownFileType = sourcecode.swift; path = AccountModel.swift; sourceTree = "<group>"; };
/* End PBXFileReference section */

/* Begin PBXFrameworksBuildPhase section */
		DA9B0AE22B4800E4009AD05D /* Frameworks */ = {
			isa = PBXFrameworksBuildPhase;
			buildActionMask = 2147483647;
			files = (
				DA9B0AFA2B48023E009AD05D /* Data.framework in Frameworks */,
				DA9B0B032B480390009AD05D /* Alamofire in Frameworks */,
			);
			runOnlyForDeploymentPostprocessing = 0;
		};
		DA9B0AE92B4800E4009AD05D /* Frameworks */ = {
			isa = PBXFrameworksBuildPhase;
			buildActionMask = 2147483647;
			files = (
				DA9B0AED2B4800E4009AD05D /* Infra.framework in Frameworks */,
			);
			runOnlyForDeploymentPostprocessing = 0;
		};
		DAA603542B45C54B0096646F /* Frameworks */ = {
			isa = PBXFrameworksBuildPhase;
			buildActionMask = 2147483647;
			files = (
			);
			runOnlyForDeploymentPostprocessing = 0;
		};
		DAA603602B45C55F0096646F /* Frameworks */ = {
			isa = PBXFrameworksBuildPhase;
			buildActionMask = 2147483647;
			files = (
				DAA603792B45C5680096646F /* Domain.framework in Frameworks */,
			);
			runOnlyForDeploymentPostprocessing = 0;
		};
		DAA603672B45C55F0096646F /* Frameworks */ = {
			isa = PBXFrameworksBuildPhase;
			buildActionMask = 2147483647;
			files = (
				DAA6036B2B45C55F0096646F /* Data.framework in Frameworks */,
			);
			runOnlyForDeploymentPostprocessing = 0;
		};
/* End PBXFrameworksBuildPhase section */

/* Begin PBXGroup section */
		DA9B0A582B470AB8009AD05D /* UseCases */ = {
			isa = PBXGroup;
			children = (
				DAA6037E2B45C59F0096646F /* AddAccount.swift */,
			);
			path = UseCases;
			sourceTree = "<group>";
		};
		DA9B0A592B470ACB009AD05D /* Model */ = {
			isa = PBXGroup;
			children = (
				DAA603802B46BF470096646F /* AccountModel.swift */,
				DA9B0A522B46FCD1009AD05D /* Model.swift */,
			);
			path = Model;
			sourceTree = "<group>";
		};
		DA9B0A5A2B470AF9009AD05D /* UseCases */ = {
			isa = PBXGroup;
			children = (
				DA9B0A542B470A15009AD05D /* RemoteAddAccount.swift */,
			);
			path = UseCases;
			sourceTree = "<group>";
		};
		DA9B0A5B2B470B05009AD05D /* Network */ = {
			isa = PBXGroup;
			children = (
				DA9B0A562B470A58009AD05D /* HttpPostClient.swift */,
				DA9B0A602B470FCF009AD05D /* NetworkError.swift */,
			);
			path = Network;
			sourceTree = "<group>";
		};
		DA9B0A5C2B470B2A009AD05D /* UseCases */ = {
			isa = PBXGroup;
			children = (
				DAA6036F2B45C55F0096646F /* RemoteAddAccountTests.swift */,
			);
			path = UseCases;
			sourceTree = "<group>";
		};
		DA9B0A5D2B470E17009AD05D /* Errors */ = {
			isa = PBXGroup;
			children = (
				DA9B0A5E2B470E1F009AD05D /* DomainError.swift */,
			);
			path = Errors;
			sourceTree = "<group>";
		};
		DA9B0AD72B47308A009AD05D /* Helpers */ = {
			isa = PBXGroup;
			children = (
				DA9B0AD82B473096009AD05D /* Data+Extensions.swift */,
			);
			path = Helpers;
			sourceTree = "<group>";
		};
		DA9B0ADC2B473B49009AD05D /* Helpers */ = {
			isa = PBXGroup;
			children = (
				DA9B0ADA2B473AFD009AD05D /* XCTestCase+Extensions.swift */,
				DA9B0ADE2B473BE9009AD05D /* TestFactories.swift */,
			);
			path = Helpers;
			sourceTree = "<group>";
		};
		DA9B0AE62B4800E4009AD05D /* Infra */ = {
			isa = PBXGroup;
			children = (
				DA9B0AE72B4800E4009AD05D /* Infra.h */,
			);
			path = Infra;
			sourceTree = "<group>";
		};
		DA9B0AF02B4800E4009AD05D /* InfraTests */ = {
			isa = PBXGroup;
			children = (
				DA9B0AF12B4800E4009AD05D /* AlamofireAdapterTests.swift */,
			);
			path = InfraTests;
			sourceTree = "<group>";
		};
		DAA6033E2B45C4B60096646F = {
			isa = PBXGroup;
			children = (
				DAA603582B45C54B0096646F /* Domain */,
				DAA603642B45C55F0096646F /* Data */,
				DAA6036E2B45C55F0096646F /* DataTests */,
				DA9B0AE62B4800E4009AD05D /* Infra */,
				DA9B0AF02B4800E4009AD05D /* InfraTests */,
				DAA603492B45C4B60096646F /* Products */,
				DAA603782B45C5680096646F /* Frameworks */,
			);
			sourceTree = "<group>";
		};
		DAA603492B45C4B60096646F /* Products */ = {
			isa = PBXGroup;
			children = (
				DAA603572B45C54B0096646F /* Domain.framework */,
				DAA603632B45C55F0096646F /* Data.framework */,
				DAA6036A2B45C55F0096646F /* DataTests.xctest */,
				DA9B0AE52B4800E4009AD05D /* Infra.framework */,
				DA9B0AEC2B4800E4009AD05D /* InfraTests.xctest */,
			);
			name = Products;
			sourceTree = "<group>";
		};
		DAA603582B45C54B0096646F /* Domain */ = {
			isa = PBXGroup;
			children = (
				DA9B0A5D2B470E17009AD05D /* Errors */,
				DA9B0A582B470AB8009AD05D /* UseCases */,
				DA9B0A592B470ACB009AD05D /* Model */,
			);
			path = Domain;
			sourceTree = "<group>";
		};
		DAA603642B45C55F0096646F /* Data */ = {
			isa = PBXGroup;
			children = (
				DA9B0AD72B47308A009AD05D /* Helpers */,
				DA9B0A5A2B470AF9009AD05D /* UseCases */,
				DA9B0A5B2B470B05009AD05D /* Network */,
			);
			path = Data;
			sourceTree = "<group>";
		};
		DAA6036E2B45C55F0096646F /* DataTests */ = {
			isa = PBXGroup;
			children = (
				DA9B0ADC2B473B49009AD05D /* Helpers */,
				DA9B0A5C2B470B2A009AD05D /* UseCases */,
			);
			path = DataTests;
			sourceTree = "<group>";
		};
		DAA603782B45C5680096646F /* Frameworks */ = {
			isa = PBXGroup;
			children = (
			);
			name = Frameworks;
			sourceTree = "<group>";
		};
/* End PBXGroup section */

/* Begin PBXHeadersBuildPhase section */
		DA9B0AE02B4800E4009AD05D /* Headers */ = {
			isa = PBXHeadersBuildPhase;
			buildActionMask = 2147483647;
			files = (
				DA9B0AF32B4800E4009AD05D /* Infra.h in Headers */,
			);
			runOnlyForDeploymentPostprocessing = 0;
		};
		DAA603522B45C54B0096646F /* Headers */ = {
			isa = PBXHeadersBuildPhase;
			buildActionMask = 2147483647;
			files = (
			);
			runOnlyForDeploymentPostprocessing = 0;
		};
		DAA6035E2B45C55F0096646F /* Headers */ = {
			isa = PBXHeadersBuildPhase;
			buildActionMask = 2147483647;
			files = (
			);
			runOnlyForDeploymentPostprocessing = 0;
		};
/* End PBXHeadersBuildPhase section */

/* Begin PBXNativeTarget section */
		DA9B0AE42B4800E4009AD05D /* Infra */ = {
			isa = PBXNativeTarget;
			buildConfigurationList = DA9B0AF42B4800E4009AD05D /* Build configuration list for PBXNativeTarget "Infra" */;
			buildPhases = (
				DA9B0AE02B4800E4009AD05D /* Headers */,
				DA9B0AE12B4800E4009AD05D /* Sources */,
				DA9B0AE22B4800E4009AD05D /* Frameworks */,
				DA9B0AE32B4800E4009AD05D /* Resources */,
				DA9B0AFE2B48023E009AD05D /* Embed Frameworks */,
			);
			buildRules = (
			);
			dependencies = (
				DA9B0AFD2B48023E009AD05D /* PBXTargetDependency */,
			);
			name = Infra;
			packageProductDependencies = (
				DA9B0B022B480390009AD05D /* Alamofire */,
			);
			productName = Infra;
			productReference = DA9B0AE52B4800E4009AD05D /* Infra.framework */;
			productType = "com.apple.product-type.framework";
		};
		DA9B0AEB2B4800E4009AD05D /* InfraTests */ = {
			isa = PBXNativeTarget;
			buildConfigurationList = DA9B0AF72B4800E4009AD05D /* Build configuration list for PBXNativeTarget "InfraTests" */;
			buildPhases = (
				DA9B0AE82B4800E4009AD05D /* Sources */,
				DA9B0AE92B4800E4009AD05D /* Frameworks */,
				DA9B0AEA2B4800E4009AD05D /* Resources */,
			);
			buildRules = (
			);
			dependencies = (
				DA9B0AEF2B4800E4009AD05D /* PBXTargetDependency */,
			);
			name = InfraTests;
			productName = InfraTests;
			productReference = DA9B0AEC2B4800E4009AD05D /* InfraTests.xctest */;
			productType = "com.apple.product-type.bundle.unit-test";
		};
		DAA603562B45C54B0096646F /* Domain */ = {
			isa = PBXNativeTarget;
			buildConfigurationList = DAA6035B2B45C54B0096646F /* Build configuration list for PBXNativeTarget "Domain" */;
			buildPhases = (
				DAA603522B45C54B0096646F /* Headers */,
				DAA603532B45C54B0096646F /* Sources */,
				DAA603542B45C54B0096646F /* Frameworks */,
				DAA603552B45C54B0096646F /* Resources */,
			);
			buildRules = (
			);
			dependencies = (
			);
			name = Domain;
			productName = Domain;
			productReference = DAA603572B45C54B0096646F /* Domain.framework */;
			productType = "com.apple.product-type.framework";
		};
		DAA603622B45C55F0096646F /* Data */ = {
			isa = PBXNativeTarget;
			buildConfigurationList = DAA603722B45C55F0096646F /* Build configuration list for PBXNativeTarget "Data" */;
			buildPhases = (
				DAA6035E2B45C55F0096646F /* Headers */,
				DAA6035F2B45C55F0096646F /* Sources */,
				DAA603602B45C55F0096646F /* Frameworks */,
				DAA603612B45C55F0096646F /* Resources */,
				DAA6037D2B45C5680096646F /* Embed Frameworks */,
			);
			buildRules = (
			);
			dependencies = (
				DAA6037C2B45C5680096646F /* PBXTargetDependency */,
			);
			name = Data;
			productName = Data;
			productReference = DAA603632B45C55F0096646F /* Data.framework */;
			productType = "com.apple.product-type.framework";
		};
		DAA603692B45C55F0096646F /* DataTests */ = {
			isa = PBXNativeTarget;
			buildConfigurationList = DAA603752B45C55F0096646F /* Build configuration list for PBXNativeTarget "DataTests" */;
			buildPhases = (
				DAA603662B45C55F0096646F /* Sources */,
				DAA603672B45C55F0096646F /* Frameworks */,
				DAA603682B45C55F0096646F /* Resources */,
			);
			buildRules = (
			);
			dependencies = (
				DAA6036D2B45C55F0096646F /* PBXTargetDependency */,
			);
			name = DataTests;
			productName = DataTests;
			productReference = DAA6036A2B45C55F0096646F /* DataTests.xctest */;
			productType = "com.apple.product-type.bundle.unit-test";
		};
/* End PBXNativeTarget section */

/* Begin PBXProject section */
		DAA6033F2B45C4B60096646F /* Project object */ = {
			isa = PBXProject;
			attributes = {
				BuildIndependentTargetsInParallel = 1;
				LastSwiftUpdateCheck = 1510;
				LastUpgradeCheck = 1510;
				TargetAttributes = {
					DA9B0AE42B4800E4009AD05D = {
						CreatedOnToolsVersion = 15.1;
					};
					DA9B0AEB2B4800E4009AD05D = {
						CreatedOnToolsVersion = 15.1;
					};
					DAA603562B45C54B0096646F = {
						CreatedOnToolsVersion = 15.1;
						LastSwiftMigration = 1510;
					};
					DAA603622B45C55F0096646F = {
						CreatedOnToolsVersion = 15.1;
						LastSwiftMigration = 1510;
					};
					DAA603692B45C55F0096646F = {
						CreatedOnToolsVersion = 15.1;
					};
				};
			};
			buildConfigurationList = DAA603422B45C4B60096646F /* Build configuration list for PBXProject "CleanApp" */;
			compatibilityVersion = "Xcode 14.0";
			developmentRegion = en;
			hasScannedForEncodings = 0;
			knownRegions = (
				en,
				Base,
			);
			mainGroup = DAA6033E2B45C4B60096646F;
			packageReferences = (
				DA9B0B012B480390009AD05D /* XCRemoteSwiftPackageReference "Alamofire" */,
			);
			productRefGroup = DAA603492B45C4B60096646F /* Products */;
			projectDirPath = "";
			projectRoot = "";
			targets = (
				DAA603562B45C54B0096646F /* Domain */,
				DAA603622B45C55F0096646F /* Data */,
				DAA603692B45C55F0096646F /* DataTests */,
				DA9B0AE42B4800E4009AD05D /* Infra */,
				DA9B0AEB2B4800E4009AD05D /* InfraTests */,
			);
		};
/* End PBXProject section */

/* Begin PBXResourcesBuildPhase section */
		DA9B0AE32B4800E4009AD05D /* Resources */ = {
			isa = PBXResourcesBuildPhase;
			buildActionMask = 2147483647;
			files = (
			);
			runOnlyForDeploymentPostprocessing = 0;
		};
		DA9B0AEA2B4800E4009AD05D /* Resources */ = {
			isa = PBXResourcesBuildPhase;
			buildActionMask = 2147483647;
			files = (
			);
			runOnlyForDeploymentPostprocessing = 0;
		};
		DAA603552B45C54B0096646F /* Resources */ = {
			isa = PBXResourcesBuildPhase;
			buildActionMask = 2147483647;
			files = (
			);
			runOnlyForDeploymentPostprocessing = 0;
		};
		DAA603612B45C55F0096646F /* Resources */ = {
			isa = PBXResourcesBuildPhase;
			buildActionMask = 2147483647;
			files = (
			);
			runOnlyForDeploymentPostprocessing = 0;
		};
		DAA603682B45C55F0096646F /* Resources */ = {
			isa = PBXResourcesBuildPhase;
			buildActionMask = 2147483647;
			files = (
			);
			runOnlyForDeploymentPostprocessing = 0;
		};
/* End PBXResourcesBuildPhase section */

/* Begin PBXSourcesBuildPhase section */
		DA9B0AE12B4800E4009AD05D /* Sources */ = {
			isa = PBXSourcesBuildPhase;
			buildActionMask = 2147483647;
			files = (
			);
			runOnlyForDeploymentPostprocessing = 0;
		};
		DA9B0AE82B4800E4009AD05D /* Sources */ = {
			isa = PBXSourcesBuildPhase;
			buildActionMask = 2147483647;
			files = (
				DA9B0B002B480272009AD05D /* TestFactories.swift in Sources */,
				DA9B0AFF2B480268009AD05D /* XCTestCase+Extensions.swift in Sources */,
				DA9B0AF22B4800E4009AD05D /* AlamofireAdapterTests.swift in Sources */,
			);
			runOnlyForDeploymentPostprocessing = 0;
		};
		DAA603532B45C54B0096646F /* Sources */ = {
			isa = PBXSourcesBuildPhase;
			buildActionMask = 2147483647;
			files = (
				DA9B0A532B46FCD1009AD05D /* Model.swift in Sources */,
				DAA6037F2B45C59F0096646F /* AddAccount.swift in Sources */,
				DA9B0A5F2B470E1F009AD05D /* DomainError.swift in Sources */,
				DAA603812B46BF470096646F /* AccountModel.swift in Sources */,
			);
			runOnlyForDeploymentPostprocessing = 0;
		};
		DAA6035F2B45C55F0096646F /* Sources */ = {
			isa = PBXSourcesBuildPhase;
			buildActionMask = 2147483647;
			files = (
				DA9B0A572B470A58009AD05D /* HttpPostClient.swift in Sources */,
				DA9B0AD92B473096009AD05D /* Data+Extensions.swift in Sources */,
				DA9B0A612B470FCF009AD05D /* NetworkError.swift in Sources */,
				DA9B0A552B470A15009AD05D /* RemoteAddAccount.swift in Sources */,
			);
			runOnlyForDeploymentPostprocessing = 0;
		};
		DAA603662B45C55F0096646F /* Sources */ = {
			isa = PBXSourcesBuildPhase;
			buildActionMask = 2147483647;
			files = (
				DA9B0ADF2B473BE9009AD05D /* TestFactories.swift in Sources */,
				DA9B0ADD2B473B73009AD05D /* XCTestCase+Extensions.swift in Sources */,
				DAA603702B45C55F0096646F /* RemoteAddAccountTests.swift in Sources */,
			);
			runOnlyForDeploymentPostprocessing = 0;
		};
/* End PBXSourcesBuildPhase section */

/* Begin PBXTargetDependency section */
		DA9B0AEF2B4800E4009AD05D /* PBXTargetDependency */ = {
			isa = PBXTargetDependency;
			target = DA9B0AE42B4800E4009AD05D /* Infra */;
			targetProxy = DA9B0AEE2B4800E4009AD05D /* PBXContainerItemProxy */;
		};
		DA9B0AFD2B48023E009AD05D /* PBXTargetDependency */ = {
			isa = PBXTargetDependency;
			target = DAA603622B45C55F0096646F /* Data */;
			targetProxy = DA9B0AFC2B48023E009AD05D /* PBXContainerItemProxy */;
		};
		DAA6036D2B45C55F0096646F /* PBXTargetDependency */ = {
			isa = PBXTargetDependency;
			target = DAA603622B45C55F0096646F /* Data */;
			targetProxy = DAA6036C2B45C55F0096646F /* PBXContainerItemProxy */;
		};
		DAA6037C2B45C5680096646F /* PBXTargetDependency */ = {
			isa = PBXTargetDependency;
			target = DAA603562B45C54B0096646F /* Domain */;
			targetProxy = DAA6037B2B45C5680096646F /* PBXContainerItemProxy */;
		};
/* End PBXTargetDependency section */

/* Begin XCBuildConfiguration section */
		DA9B0AF52B4800E4009AD05D /* Debug */ = {
			isa = XCBuildConfiguration;
			buildSettings = {
				CODE_SIGN_STYLE = Automatic;
				COMBINE_HIDPI_IMAGES = YES;
				CURRENT_PROJECT_VERSION = 1;
				DEFINES_MODULE = YES;
				DYLIB_COMPATIBILITY_VERSION = 1;
				DYLIB_CURRENT_VERSION = 1;
				DYLIB_INSTALL_NAME_BASE = "@rpath";
				ENABLE_MODULE_VERIFIER = YES;
				GENERATE_INFOPLIST_FILE = YES;
				INFOPLIST_KEY_NSHumanReadableCopyright = "";
				INSTALL_PATH = "$(LOCAL_LIBRARY_DIR)/Frameworks";
				LD_RUNPATH_SEARCH_PATHS = (
					"$(inherited)",
					"@executable_path/../Frameworks",
					"@loader_path/Frameworks",
				);
				MARKETING_VERSION = 1.0;
				MODULE_VERIFIER_SUPPORTED_LANGUAGES = "objective-c objective-c++";
				MODULE_VERIFIER_SUPPORTED_LANGUAGE_STANDARDS = "gnu17 gnu++20";
				PRODUCT_BUNDLE_IDENTIFIER = com.revangelista.Infra;
				PRODUCT_NAME = "$(TARGET_NAME:c99extidentifier)";
				SKIP_INSTALL = YES;
				SWIFT_EMIT_LOC_STRINGS = YES;
				SWIFT_VERSION = 5.0;
			};
			name = Debug;
		};
		DA9B0AF62B4800E4009AD05D /* Release */ = {
			isa = XCBuildConfiguration;
			buildSettings = {
				CODE_SIGN_STYLE = Automatic;
				COMBINE_HIDPI_IMAGES = YES;
				CURRENT_PROJECT_VERSION = 1;
				DEFINES_MODULE = YES;
				DYLIB_COMPATIBILITY_VERSION = 1;
				DYLIB_CURRENT_VERSION = 1;
				DYLIB_INSTALL_NAME_BASE = "@rpath";
				ENABLE_MODULE_VERIFIER = YES;
				GENERATE_INFOPLIST_FILE = YES;
				INFOPLIST_KEY_NSHumanReadableCopyright = "";
				INSTALL_PATH = "$(LOCAL_LIBRARY_DIR)/Frameworks";
				LD_RUNPATH_SEARCH_PATHS = (
					"$(inherited)",
					"@executable_path/../Frameworks",
					"@loader_path/Frameworks",
				);
				MARKETING_VERSION = 1.0;
				MODULE_VERIFIER_SUPPORTED_LANGUAGES = "objective-c objective-c++";
				MODULE_VERIFIER_SUPPORTED_LANGUAGE_STANDARDS = "gnu17 gnu++20";
				PRODUCT_BUNDLE_IDENTIFIER = com.revangelista.Infra;
				PRODUCT_NAME = "$(TARGET_NAME:c99extidentifier)";
				SKIP_INSTALL = YES;
				SWIFT_EMIT_LOC_STRINGS = YES;
				SWIFT_VERSION = 5.0;
			};
			name = Release;
		};
		DA9B0AF82B4800E4009AD05D /* Debug */ = {
			isa = XCBuildConfiguration;
			buildSettings = {
				CODE_SIGN_STYLE = Automatic;
				CURRENT_PROJECT_VERSION = 1;
				GENERATE_INFOPLIST_FILE = YES;
				MARKETING_VERSION = 1.0;
				PRODUCT_BUNDLE_IDENTIFIER = com.revangelista.InfraTests;
				PRODUCT_NAME = "$(TARGET_NAME)";
				SWIFT_EMIT_LOC_STRINGS = NO;
				SWIFT_VERSION = 5.0;
			};
			name = Debug;
		};
		DA9B0AF92B4800E4009AD05D /* Release */ = {
			isa = XCBuildConfiguration;
			buildSettings = {
				CODE_SIGN_STYLE = Automatic;
				CURRENT_PROJECT_VERSION = 1;
				GENERATE_INFOPLIST_FILE = YES;
				MARKETING_VERSION = 1.0;
				PRODUCT_BUNDLE_IDENTIFIER = com.revangelista.InfraTests;
				PRODUCT_NAME = "$(TARGET_NAME)";
				SWIFT_EMIT_LOC_STRINGS = NO;
				SWIFT_VERSION = 5.0;
			};
			name = Release;
		};
		DAA6034D2B45C4B60096646F /* Debug */ = {
			isa = XCBuildConfiguration;
			buildSettings = {
				ALWAYS_SEARCH_USER_PATHS = NO;
				ASSETCATALOG_COMPILER_GENERATE_SWIFT_ASSET_SYMBOL_EXTENSIONS = YES;
				CLANG_ANALYZER_NONNULL = YES;
				CLANG_ANALYZER_NUMBER_OBJECT_CONVERSION = YES_AGGRESSIVE;
				CLANG_CXX_LANGUAGE_STANDARD = "gnu++20";
				CLANG_ENABLE_MODULES = YES;
				CLANG_ENABLE_OBJC_ARC = YES;
				CLANG_ENABLE_OBJC_WEAK = YES;
				CLANG_WARN_BLOCK_CAPTURE_AUTORELEASING = YES;
				CLANG_WARN_BOOL_CONVERSION = YES;
				CLANG_WARN_COMMA = YES;
				CLANG_WARN_CONSTANT_CONVERSION = YES;
				CLANG_WARN_DEPRECATED_OBJC_IMPLEMENTATIONS = YES;
				CLANG_WARN_DIRECT_OBJC_ISA_USAGE = YES_ERROR;
				CLANG_WARN_DOCUMENTATION_COMMENTS = YES;
				CLANG_WARN_EMPTY_BODY = YES;
				CLANG_WARN_ENUM_CONVERSION = YES;
				CLANG_WARN_INFINITE_RECURSION = YES;
				CLANG_WARN_INT_CONVERSION = YES;
				CLANG_WARN_NON_LITERAL_NULL_CONVERSION = YES;
				CLANG_WARN_OBJC_IMPLICIT_RETAIN_SELF = YES;
				CLANG_WARN_OBJC_LITERAL_CONVERSION = YES;
				CLANG_WARN_OBJC_ROOT_CLASS = YES_ERROR;
				CLANG_WARN_QUOTED_INCLUDE_IN_FRAMEWORK_HEADER = YES;
				CLANG_WARN_RANGE_LOOP_ANALYSIS = YES;
				CLANG_WARN_STRICT_PROTOTYPES = YES;
				CLANG_WARN_SUSPICIOUS_MOVE = YES;
				CLANG_WARN_UNGUARDED_AVAILABILITY = YES_AGGRESSIVE;
				CLANG_WARN_UNREACHABLE_CODE = YES;
				CLANG_WARN__DUPLICATE_METHOD_MATCH = YES;
				COPY_PHASE_STRIP = NO;
				CURRENT_PROJECT_VERSION = 1;
				DEBUG_INFORMATION_FORMAT = dwarf;
				ENABLE_STRICT_OBJC_MSGSEND = YES;
				ENABLE_TESTABILITY = YES;
				ENABLE_USER_SCRIPT_SANDBOXING = YES;
				GCC_C_LANGUAGE_STANDARD = gnu17;
				GCC_DYNAMIC_NO_PIC = NO;
				GCC_NO_COMMON_BLOCKS = YES;
				GCC_OPTIMIZATION_LEVEL = 0;
				GCC_PREPROCESSOR_DEFINITIONS = (
					"DEBUG=1",
					"$(inherited)",
				);
				GCC_WARN_64_TO_32_BIT_CONVERSION = YES;
				GCC_WARN_ABOUT_RETURN_TYPE = YES_ERROR;
				GCC_WARN_UNDECLARED_SELECTOR = YES;
				GCC_WARN_UNINITIALIZED_AUTOS = YES_AGGRESSIVE;
				GCC_WARN_UNUSED_FUNCTION = YES;
				GCC_WARN_UNUSED_VARIABLE = YES;
				LOCALIZATION_PREFERS_STRING_CATALOGS = YES;
				MACOSX_DEPLOYMENT_TARGET = 14.2;
				MTL_ENABLE_DEBUG_INFO = INCLUDE_SOURCE;
				MTL_FAST_MATH = YES;
				ONLY_ACTIVE_ARCH = YES;
				SDKROOT = macosx;
				SWIFT_ACTIVE_COMPILATION_CONDITIONS = "DEBUG $(inherited)";
				SWIFT_OPTIMIZATION_LEVEL = "-Onone";
				VERSIONING_SYSTEM = "apple-generic";
				VERSION_INFO_PREFIX = "";
			};
			name = Debug;
		};
		DAA6034E2B45C4B60096646F /* Release */ = {
			isa = XCBuildConfiguration;
			buildSettings = {
				ALWAYS_SEARCH_USER_PATHS = NO;
				ASSETCATALOG_COMPILER_GENERATE_SWIFT_ASSET_SYMBOL_EXTENSIONS = YES;
				CLANG_ANALYZER_NONNULL = YES;
				CLANG_ANALYZER_NUMBER_OBJECT_CONVERSION = YES_AGGRESSIVE;
				CLANG_CXX_LANGUAGE_STANDARD = "gnu++20";
				CLANG_ENABLE_MODULES = YES;
				CLANG_ENABLE_OBJC_ARC = YES;
				CLANG_ENABLE_OBJC_WEAK = YES;
				CLANG_WARN_BLOCK_CAPTURE_AUTORELEASING = YES;
				CLANG_WARN_BOOL_CONVERSION = YES;
				CLANG_WARN_COMMA = YES;
				CLANG_WARN_CONSTANT_CONVERSION = YES;
				CLANG_WARN_DEPRECATED_OBJC_IMPLEMENTATIONS = YES;
				CLANG_WARN_DIRECT_OBJC_ISA_USAGE = YES_ERROR;
				CLANG_WARN_DOCUMENTATION_COMMENTS = YES;
				CLANG_WARN_EMPTY_BODY = YES;
				CLANG_WARN_ENUM_CONVERSION = YES;
				CLANG_WARN_INFINITE_RECURSION = YES;
				CLANG_WARN_INT_CONVERSION = YES;
				CLANG_WARN_NON_LITERAL_NULL_CONVERSION = YES;
				CLANG_WARN_OBJC_IMPLICIT_RETAIN_SELF = YES;
				CLANG_WARN_OBJC_LITERAL_CONVERSION = YES;
				CLANG_WARN_OBJC_ROOT_CLASS = YES_ERROR;
				CLANG_WARN_QUOTED_INCLUDE_IN_FRAMEWORK_HEADER = YES;
				CLANG_WARN_RANGE_LOOP_ANALYSIS = YES;
				CLANG_WARN_STRICT_PROTOTYPES = YES;
				CLANG_WARN_SUSPICIOUS_MOVE = YES;
				CLANG_WARN_UNGUARDED_AVAILABILITY = YES_AGGRESSIVE;
				CLANG_WARN_UNREACHABLE_CODE = YES;
				CLANG_WARN__DUPLICATE_METHOD_MATCH = YES;
				COPY_PHASE_STRIP = NO;
				CURRENT_PROJECT_VERSION = 1;
				DEBUG_INFORMATION_FORMAT = "dwarf-with-dsym";
				ENABLE_NS_ASSERTIONS = NO;
				ENABLE_STRICT_OBJC_MSGSEND = YES;
				ENABLE_USER_SCRIPT_SANDBOXING = YES;
				GCC_C_LANGUAGE_STANDARD = gnu17;
				GCC_NO_COMMON_BLOCKS = YES;
				GCC_WARN_64_TO_32_BIT_CONVERSION = YES;
				GCC_WARN_ABOUT_RETURN_TYPE = YES_ERROR;
				GCC_WARN_UNDECLARED_SELECTOR = YES;
				GCC_WARN_UNINITIALIZED_AUTOS = YES_AGGRESSIVE;
				GCC_WARN_UNUSED_FUNCTION = YES;
				GCC_WARN_UNUSED_VARIABLE = YES;
				LOCALIZATION_PREFERS_STRING_CATALOGS = YES;
				MACOSX_DEPLOYMENT_TARGET = 14.2;
				MTL_ENABLE_DEBUG_INFO = NO;
				MTL_FAST_MATH = YES;
				SDKROOT = macosx;
				SWIFT_COMPILATION_MODE = wholemodule;
				VERSIONING_SYSTEM = "apple-generic";
				VERSION_INFO_PREFIX = "";
			};
			name = Release;
		};
		DAA6035C2B45C54B0096646F /* Debug */ = {
			isa = XCBuildConfiguration;
			buildSettings = {
				CLANG_ENABLE_MODULES = YES;
				CODE_SIGN_STYLE = Automatic;
				COMBINE_HIDPI_IMAGES = YES;
				CURRENT_PROJECT_VERSION = 1;
				DEFINES_MODULE = YES;
				DYLIB_COMPATIBILITY_VERSION = 1;
				DYLIB_CURRENT_VERSION = 1;
				DYLIB_INSTALL_NAME_BASE = "@rpath";
				ENABLE_MODULE_VERIFIER = YES;
				GENERATE_INFOPLIST_FILE = YES;
				INFOPLIST_KEY_NSHumanReadableCopyright = "";
				INSTALL_PATH = "$(LOCAL_LIBRARY_DIR)/Frameworks";
				LD_RUNPATH_SEARCH_PATHS = (
					"$(inherited)",
					"@executable_path/../Frameworks",
					"@loader_path/Frameworks",
				);
				MARKETING_VERSION = 1.0;
				MODULE_VERIFIER_SUPPORTED_LANGUAGES = "objective-c objective-c++";
				MODULE_VERIFIER_SUPPORTED_LANGUAGE_STANDARDS = "gnu17 gnu++20";
				PRODUCT_BUNDLE_IDENTIFIER = com.revangelista.Domain;
				PRODUCT_NAME = "$(TARGET_NAME:c99extidentifier)";
				SKIP_INSTALL = YES;
				SWIFT_EMIT_LOC_STRINGS = YES;
				SWIFT_OPTIMIZATION_LEVEL = "-Onone";
				SWIFT_VERSION = 5.0;
			};
			name = Debug;
		};
		DAA6035D2B45C54B0096646F /* Release */ = {
			isa = XCBuildConfiguration;
			buildSettings = {
				CLANG_ENABLE_MODULES = YES;
				CODE_SIGN_STYLE = Automatic;
				COMBINE_HIDPI_IMAGES = YES;
				CURRENT_PROJECT_VERSION = 1;
				DEFINES_MODULE = YES;
				DYLIB_COMPATIBILITY_VERSION = 1;
				DYLIB_CURRENT_VERSION = 1;
				DYLIB_INSTALL_NAME_BASE = "@rpath";
				ENABLE_MODULE_VERIFIER = YES;
				GENERATE_INFOPLIST_FILE = YES;
				INFOPLIST_KEY_NSHumanReadableCopyright = "";
				INSTALL_PATH = "$(LOCAL_LIBRARY_DIR)/Frameworks";
				LD_RUNPATH_SEARCH_PATHS = (
					"$(inherited)",
					"@executable_path/../Frameworks",
					"@loader_path/Frameworks",
				);
				MARKETING_VERSION = 1.0;
				MODULE_VERIFIER_SUPPORTED_LANGUAGES = "objective-c objective-c++";
				MODULE_VERIFIER_SUPPORTED_LANGUAGE_STANDARDS = "gnu17 gnu++20";
				PRODUCT_BUNDLE_IDENTIFIER = com.revangelista.Domain;
				PRODUCT_NAME = "$(TARGET_NAME:c99extidentifier)";
				SKIP_INSTALL = YES;
				SWIFT_EMIT_LOC_STRINGS = YES;
				SWIFT_VERSION = 5.0;
			};
			name = Release;
		};
		DAA603732B45C55F0096646F /* Debug */ = {
			isa = XCBuildConfiguration;
			buildSettings = {
				CLANG_ENABLE_MODULES = YES;
				CODE_SIGN_STYLE = Automatic;
				COMBINE_HIDPI_IMAGES = YES;
				CURRENT_PROJECT_VERSION = 1;
				DEFINES_MODULE = YES;
				DYLIB_COMPATIBILITY_VERSION = 1;
				DYLIB_CURRENT_VERSION = 1;
				DYLIB_INSTALL_NAME_BASE = "@rpath";
				ENABLE_MODULE_VERIFIER = YES;
				GENERATE_INFOPLIST_FILE = YES;
				INFOPLIST_KEY_NSHumanReadableCopyright = "";
				INSTALL_PATH = "$(LOCAL_LIBRARY_DIR)/Frameworks";
				LD_RUNPATH_SEARCH_PATHS = (
					"$(inherited)",
					"@executable_path/../Frameworks",
					"@loader_path/Frameworks",
				);
				MARKETING_VERSION = 1.0;
				MODULE_VERIFIER_SUPPORTED_LANGUAGES = "objective-c objective-c++";
				MODULE_VERIFIER_SUPPORTED_LANGUAGE_STANDARDS = "gnu17 gnu++20";
				PRODUCT_BUNDLE_IDENTIFIER = com.revangelista.Data;
				PRODUCT_NAME = "$(TARGET_NAME:c99extidentifier)";
				SKIP_INSTALL = YES;
				SWIFT_EMIT_LOC_STRINGS = YES;
				SWIFT_OPTIMIZATION_LEVEL = "-Onone";
				SWIFT_VERSION = 5.0;
			};
			name = Debug;
		};
		DAA603742B45C55F0096646F /* Release */ = {
			isa = XCBuildConfiguration;
			buildSettings = {
				CLANG_ENABLE_MODULES = YES;
				CODE_SIGN_STYLE = Automatic;
				COMBINE_HIDPI_IMAGES = YES;
				CURRENT_PROJECT_VERSION = 1;
				DEFINES_MODULE = YES;
				DYLIB_COMPATIBILITY_VERSION = 1;
				DYLIB_CURRENT_VERSION = 1;
				DYLIB_INSTALL_NAME_BASE = "@rpath";
				ENABLE_MODULE_VERIFIER = YES;
				GENERATE_INFOPLIST_FILE = YES;
				INFOPLIST_KEY_NSHumanReadableCopyright = "";
				INSTALL_PATH = "$(LOCAL_LIBRARY_DIR)/Frameworks";
				LD_RUNPATH_SEARCH_PATHS = (
					"$(inherited)",
					"@executable_path/../Frameworks",
					"@loader_path/Frameworks",
				);
				MARKETING_VERSION = 1.0;
				MODULE_VERIFIER_SUPPORTED_LANGUAGES = "objective-c objective-c++";
				MODULE_VERIFIER_SUPPORTED_LANGUAGE_STANDARDS = "gnu17 gnu++20";
				PRODUCT_BUNDLE_IDENTIFIER = com.revangelista.Data;
				PRODUCT_NAME = "$(TARGET_NAME:c99extidentifier)";
				SKIP_INSTALL = YES;
				SWIFT_EMIT_LOC_STRINGS = YES;
				SWIFT_VERSION = 5.0;
			};
			name = Release;
		};
		DAA603762B45C55F0096646F /* Debug */ = {
			isa = XCBuildConfiguration;
			buildSettings = {
				ALWAYS_EMBED_SWIFT_STANDARD_LIBRARIES = YES;
				CODE_SIGN_STYLE = Automatic;
				CURRENT_PROJECT_VERSION = 1;
				GENERATE_INFOPLIST_FILE = YES;
				MARKETING_VERSION = 1.0;
				PRODUCT_BUNDLE_IDENTIFIER = com.revangelista.DataTests;
				PRODUCT_NAME = "$(TARGET_NAME)";
				SWIFT_EMIT_LOC_STRINGS = NO;
				SWIFT_VERSION = 5.0;
			};
			name = Debug;
		};
		DAA603772B45C55F0096646F /* Release */ = {
			isa = XCBuildConfiguration;
			buildSettings = {
				ALWAYS_EMBED_SWIFT_STANDARD_LIBRARIES = YES;
				CODE_SIGN_STYLE = Automatic;
				CURRENT_PROJECT_VERSION = 1;
				GENERATE_INFOPLIST_FILE = YES;
				MARKETING_VERSION = 1.0;
				PRODUCT_BUNDLE_IDENTIFIER = com.revangelista.DataTests;
				PRODUCT_NAME = "$(TARGET_NAME)";
				SWIFT_EMIT_LOC_STRINGS = NO;
				SWIFT_VERSION = 5.0;
			};
			name = Release;
		};
/* End XCBuildConfiguration section */

/* Begin XCConfigurationList section */
		DA9B0AF42B4800E4009AD05D /* Build configuration list for PBXNativeTarget "Infra" */ = {
			isa = XCConfigurationList;
			buildConfigurations = (
				DA9B0AF52B4800E4009AD05D /* Debug */,
				DA9B0AF62B4800E4009AD05D /* Release */,
			);
			defaultConfigurationIsVisible = 0;
			defaultConfigurationName = Release;
		};
		DA9B0AF72B4800E4009AD05D /* Build configuration list for PBXNativeTarget "InfraTests" */ = {
			isa = XCConfigurationList;
			buildConfigurations = (
				DA9B0AF82B4800E4009AD05D /* Debug */,
				DA9B0AF92B4800E4009AD05D /* Release */,
			);
			defaultConfigurationIsVisible = 0;
			defaultConfigurationName = Release;
		};
		DAA603422B45C4B60096646F /* Build configuration list for PBXProject "CleanApp" */ = {
			isa = XCConfigurationList;
			buildConfigurations = (
				DAA6034D2B45C4B60096646F /* Debug */,
				DAA6034E2B45C4B60096646F /* Release */,
			);
			defaultConfigurationIsVisible = 0;
			defaultConfigurationName = Release;
		};
		DAA6035B2B45C54B0096646F /* Build configuration list for PBXNativeTarget "Domain" */ = {
			isa = XCConfigurationList;
			buildConfigurations = (
				DAA6035C2B45C54B0096646F /* Debug */,
				DAA6035D2B45C54B0096646F /* Release */,
			);
			defaultConfigurationIsVisible = 0;
			defaultConfigurationName = Release;
		};
		DAA603722B45C55F0096646F /* Build configuration list for PBXNativeTarget "Data" */ = {
			isa = XCConfigurationList;
			buildConfigurations = (
				DAA603732B45C55F0096646F /* Debug */,
				DAA603742B45C55F0096646F /* Release */,
			);
			defaultConfigurationIsVisible = 0;
			defaultConfigurationName = Release;
		};
		DAA603752B45C55F0096646F /* Build configuration list for PBXNativeTarget "DataTests" */ = {
			isa = XCConfigurationList;
			buildConfigurations = (
				DAA603762B45C55F0096646F /* Debug */,
				DAA603772B45C55F0096646F /* Release */,
			);
			defaultConfigurationIsVisible = 0;
			defaultConfigurationName = Release;
		};
/* End XCConfigurationList section */

/* Begin XCRemoteSwiftPackageReference section */
		DA9B0B012B480390009AD05D /* XCRemoteSwiftPackageReference "Alamofire" */ = {
			isa = XCRemoteSwiftPackageReference;
			repositoryURL = "https://github.com/Alamofire/Alamofire";
			requirement = {
				kind = upToNextMajorVersion;
				minimumVersion = 5.8.1;
			};
		};
/* End XCRemoteSwiftPackageReference section */

/* Begin XCSwiftPackageProductDependency section */
		DA9B0B022B480390009AD05D /* Alamofire */ = {
			isa = XCSwiftPackageProductDependency;
			package = DA9B0B012B480390009AD05D /* XCRemoteSwiftPackageReference "Alamofire" */;
			productName = Alamofire;
		};
/* End XCSwiftPackageProductDependency section */
	};
	rootObject = DAA6033F2B45C4B60096646F /* Project object */;
}
